
Microsoft Visual Studio Solution File, Format Version 12.00
# Visual Studio Version 16
VisualStudioVersion = 16.0.30406.217
MinimumVisualStudioVersion = 10.0.40219.1
Project("{FAE04EC0-301F-11D3-BF4B-00C04F79EFBC}") = "Investment.Service", "Investment.Service\Investment.Service.csproj", "{F33B5049-696A-4794-92CB-1BFBD23C93A3}"
EndProject
Project("{FAE04EC0-301F-11D3-BF4B-00C04F79EFBC}") = "Investment.Service.Domain", "Investment.Service.Domain\Investment.Service.Domain.csproj", "{532D6544-1491-4705-8A67-DE173358FC27}"
EndProject
Global
	GlobalSection(SolutionConfigurationPlatforms) = preSolution
		Debug|Any CPU = Debug|Any CPU
		Release|Any CPU = Release|Any CPU
	EndGlobalSection
	GlobalSection(ProjectConfigurationPlatforms) = postSolution
		{F33B5049-696A-4794-92CB-1BFBD23C93A3}.Debug|Any CPU.ActiveCfg = Debug|Any CPU
		{F33B5049-696A-4794-92CB-1BFBD23C93A3}.Debug|Any CPU.Build.0 = Debug|Any CPU
		{F33B5049-696A-4794-92CB-1BFBD23C93A3}.Release|Any CPU.ActiveCfg = Release|Any CPU
		{F33B5049-696A-4794-92CB-1BFBD23C93A3}.Release|Any CPU.Build.0 = Release|Any CPU
		{532D6544-1491-4705-8A67-DE173358FC27}.Debug|Any CPU.ActiveCfg = Debug|Any CPU
		{532D6544-1491-4705-8A67-DE173358FC27}.Debug|Any CPU.Build.0 = Debug|Any CPU
		{532D6544-1491-4705-8A67-DE173358FC27}.Release|Any CPU.ActiveCfg = Release|Any CPU
		{532D6544-1491-4705-8A67-DE173358FC27}.Release|Any CPU.Build.0 = Release|Any CPU
	EndGlobalSection
	GlobalSection(SolutionProperties) = preSolution
		HideSolutionNode = FALSE
	EndGlobalSection
	GlobalSection(ExtensibilityGlobals) = postSolution
		SolutionGuid = {DF5AFA69-68CD-462F-9E87-EFFA1F37364C}
	EndGlobalSection
EndGlobal
